// !$*UTF8*$!
{
	archiveVersion = 1;
	classes = {
	};
	objectVersion = 46;
	objects = {

/* Begin PBXBuildFile section */
		7650E7EB1C2CF3EC00F3AEE1 /* WDBaseViewController.m in Sources */ = {isa = PBXBuildFile; fileRef = 7650E7EA1C2CF3EC00F3AEE1 /* WDBaseViewController.m */; };
		7650E7EE1C2D21FC00F3AEE1 /* WDDecayAnimationViewController.m in Sources */ = {isa = PBXBuildFile; fileRef = 7650E7ED1C2D21FC00F3AEE1 /* WDDecayAnimationViewController.m */; };
		76C3290D1C2BCF8F00FB2664 /* main.m in Sources */ = {isa = PBXBuildFile; fileRef = 76C3290C1C2BCF8F00FB2664 /* main.m */; };
		76C329101C2BCF8F00FB2664 /* AppDelegate.m in Sources */ = {isa = PBXBuildFile; fileRef = 76C3290F1C2BCF8F00FB2664 /* AppDelegate.m */; };
		76C329131C2BCF8F00FB2664 /* ViewController.m in Sources */ = {isa = PBXBuildFile; fileRef = 76C329121C2BCF8F00FB2664 /* ViewController.m */; };
		76C329161C2BCF8F00FB2664 /* Main.storyboard in Resources */ = {isa = PBXBuildFile; fileRef = 76C329141C2BCF8F00FB2664 /* Main.storyboard */; };
		76C329181C2BCF8F00FB2664 /* Assets.xcassets in Resources */ = {isa = PBXBuildFile; fileRef = 76C329171C2BCF8F00FB2664 /* Assets.xcassets */; };
		76C3291B1C2BCF8F00FB2664 /* LaunchScreen.storyboard in Resources */ = {isa = PBXBuildFile; fileRef = 76C329191C2BCF8F00FB2664 /* LaunchScreen.storyboard */; };
		76C329261C2BDEB900FB2664 /* WDBasicAnimationViewController.m in Sources */ = {isa = PBXBuildFile; fileRef = 76C329251C2BDEB900FB2664 /* WDBasicAnimationViewController.m */; };
		E28FEAA4E9E1E36A9F265C92 /* libPods.a in Frameworks */ = {isa = PBXBuildFile; fileRef = B82D8BDE9592C6FF2DB546D4 /* libPods.a */; };
/* End PBXBuildFile section */

/* Begin PBXFileReference section */
		72202BF2238A287B99E8BF8A /* Pods.release.xcconfig */ = {isa = PBXFileReference; includeInIndex = 1; lastKnownFileType = text.xcconfig; name = Pods.release.xcconfig; path = "Pods/Target Support Files/Pods/Pods.release.xcconfig"; sourceTree = "<group>"; };
		7650E7E91C2CF3EC00F3AEE1 /* WDBaseViewController.h */ = {isa = PBXFileReference; fileEncoding = 4; lastKnownFileType = sourcecode.c.h; path = WDBaseViewController.h; sourceTree = "<group>"; };
		7650E7EA1C2CF3EC00F3AEE1 /* WDBaseViewController.m */ = {isa = PBXFileReference; fileEncoding = 4; lastKnownFileType = sourcecode.c.objc; path = WDBaseViewController.m; sourceTree = "<group>"; };
		7650E7EC1C2D21FC00F3AEE1 /* WDDecayAnimationViewController.h */ = {isa = PBXFileReference; fileEncoding = 4; lastKnownFileType = sourcecode.c.h; path = WDDecayAnimationViewController.h; sourceTree = "<group>"; };
		7650E7ED1C2D21FC00F3AEE1 /* WDDecayAnimationViewController.m */ = {isa = PBXFileReference; fileEncoding = 4; lastKnownFileType = sourcecode.c.objc; path = WDDecayAnimationViewController.m; sourceTree = "<group>"; };
		76C329081C2BCF8F00FB2664 /* WDPOPDemo.app */ = {isa = PBXFileReference; explicitFileType = wrapper.application; includeInIndex = 0; path = WDPOPDemo.app; sourceTree = BUILT_PRODUCTS_DIR; };
		76C3290C1C2BCF8F00FB2664 /* main.m */ = {isa = PBXFileReference; lastKnownFileType = sourcecode.c.objc; path = main.m; sourceTree = "<group>"; };
		76C3290E1C2BCF8F00FB2664 /* AppDelegate.h */ = {isa = PBXFileReference; lastKnownFileType = sourcecode.c.h; path = AppDelegate.h; sourceTree = "<group>"; };
		76C3290F1C2BCF8F00FB2664 /* AppDelegate.m */ = {isa = PBXFileReference; lastKnownFileType = sourcecode.c.objc; path = AppDelegate.m; sourceTree = "<group>"; };
		76C329111C2BCF8F00FB2664 /* ViewController.h */ = {isa = PBXFileReference; lastKnownFileType = sourcecode.c.h; path = ViewController.h; sourceTree = "<group>"; };
		76C329121C2BCF8F00FB2664 /* ViewController.m */ = {isa = PBXFileReference; lastKnownFileType = sourcecode.c.objc; path = ViewController.m; sourceTree = "<group>"; };
		76C329151C2BCF8F00FB2664 /* Base */ = {isa = PBXFileReference; lastKnownFileType = file.storyboard; name = Base; path = Base.lproj/Main.storyboard; sourceTree = "<group>"; };
		76C329171C2BCF8F00FB2664 /* Assets.xcassets */ = {isa = PBXFileReference; lastKnownFileType = folder.assetcatalog; path = Assets.xcassets; sourceTree = "<group>"; };
		76C3291A1C2BCF8F00FB2664 /* Base */ = {isa = PBXFileReference; lastKnownFileType = file.storyboard; name = Base; path = Base.lproj/LaunchScreen.storyboard; sourceTree = "<group>"; };
		76C3291C1C2BCF8F00FB2664 /* Info.plist */ = {isa = PBXFileReference; lastKnownFileType = text.plist.xml; path = Info.plist; sourceTree = "<group>"; };
		76C329221C2BD73500FB2664 /* PrefixHeader.pch */ = {isa = PBXFileReference; lastKnownFileType = sourcecode.c.h; path = PrefixHeader.pch; sourceTree = "<group>"; };
		76C329241C2BDEB900FB2664 /* WDBasicAnimationViewController.h */ = {isa = PBXFileReference; fileEncoding = 4; lastKnownFileType = sourcecode.c.h; path = WDBasicAnimationViewController.h; sourceTree = "<group>"; };
		76C329251C2BDEB900FB2664 /* WDBasicAnimationViewController.m */ = {isa = PBXFileReference; fileEncoding = 4; lastKnownFileType = sourcecode.c.objc; path = WDBasicAnimationViewController.m; sourceTree = "<group>"; };
		B82D8BDE9592C6FF2DB546D4 /* libPods.a */ = {isa = PBXFileReference; explicitFileType = archive.ar; includeInIndex = 0; path = libPods.a; sourceTree = BUILT_PRODUCTS_DIR; };
		CA479176D790ADE64A66B718 /* Pods.debug.xcconfig */ = {isa = PBXFileReference; includeInIndex = 1; lastKnownFileType = text.xcconfig; name = Pods.debug.xcconfig; path = "Pods/Target Support Files/Pods/Pods.debug.xcconfig"; sourceTree = "<group>"; };
/* End PBXFileReference section */

/* Begin PBXFrameworksBuildPhase section */
		76C329051C2BCF8F00FB2664 /* Frameworks */ = {
			isa = PBXFrameworksBuildPhase;
			buildActionMask = 2147483647;
			files = (
				E28FEAA4E9E1E36A9F265C92 /* libPods.a in Frameworks */,
			);
			runOnlyForDeploymentPostprocessing = 0;
		};
/* End PBXFrameworksBuildPhase section */

/* Begin PBXGroup section */
		76C328FF1C2BCF8F00FB2664 = {
			isa = PBXGroup;
			children = (
				76C3290A1C2BCF8F00FB2664 /* WDPOPDemo */,
				76C329091C2BCF8F00FB2664 /* Products */,
				A236F7726114BAFC5EB9B34F /* Pods */,
				D7EF0F92999F1C1F100487A6 /* Frameworks */,
			);
			sourceTree = "<group>";
		};
		76C329091C2BCF8F00FB2664 /* Products */ = {
			isa = PBXGroup;
			children = (
				76C329081C2BCF8F00FB2664 /* WDPOPDemo.app */,
			);
			name = Products;
			sourceTree = "<group>";
		};
		76C3290A1C2BCF8F00FB2664 /* WDPOPDemo */ = {
			isa = PBXGroup;
			children = (
				76C3290E1C2BCF8F00FB2664 /* AppDelegate.h */,
				76C3290F1C2BCF8F00FB2664 /* AppDelegate.m */,
				76C329111C2BCF8F00FB2664 /* ViewController.h */,
				76C329121C2BCF8F00FB2664 /* ViewController.m */,
				7650E7E91C2CF3EC00F3AEE1 /* WDBaseViewController.h */,
				7650E7EA1C2CF3EC00F3AEE1 /* WDBaseViewController.m */,
				76C329231C2BDC4300FB2664 /* ViewControllers */,
				76C329141C2BCF8F00FB2664 /* Main.storyboard */,
				76C329171C2BCF8F00FB2664 /* Assets.xcassets */,
				76C329191C2BCF8F00FB2664 /* LaunchScreen.storyboard */,
				76C3291C1C2BCF8F00FB2664 /* Info.plist */,
				76C3290B1C2BCF8F00FB2664 /* Supporting Files */,
			);
			path = WDPOPDemo;
			sourceTree = "<group>";
		};
		76C3290B1C2BCF8F00FB2664 /* Supporting Files */ = {
			isa = PBXGroup;
			children = (
				76C3290C1C2BCF8F00FB2664 /* main.m */,
				76C329221C2BD73500FB2664 /* PrefixHeader.pch */,
			);
			name = "Supporting Files";
			sourceTree = "<group>";
		};
		76C329231C2BDC4300FB2664 /* ViewControllers */ = {
			isa = PBXGroup;
			children = (
				76C329241C2BDEB900FB2664 /* WDBasicAnimationViewController.h */,
				76C329251C2BDEB900FB2664 /* WDBasicAnimationViewController.m */,
				7650E7EC1C2D21FC00F3AEE1 /* WDDecayAnimationViewController.h */,
				7650E7ED1C2D21FC00F3AEE1 /* WDDecayAnimationViewController.m */,
			);
			path = ViewControllers;
			sourceTree = "<group>";
		};
		A236F7726114BAFC5EB9B34F /* Pods */ = {
			isa = PBXGroup;
			children = (
				CA479176D790ADE64A66B718 /* Pods.debug.xcconfig */,
				72202BF2238A287B99E8BF8A /* Pods.release.xcconfig */,
			);
			name = Pods;
			sourceTree = "<group>";
		};
		D7EF0F92999F1C1F100487A6 /* Frameworks */ = {
			isa = PBXGroup;
			children = (
				B82D8BDE9592C6FF2DB546D4 /* libPods.a */,
			);
			name = Frameworks;
			sourceTree = "<group>";
		};
/* End PBXGroup section */

/* Begin PBXNativeTarget section */
		76C329071C2BCF8F00FB2664 /* WDPOPDemo */ = {
			isa = PBXNativeTarget;
			buildConfigurationList = 76C3291F1C2BCF8F00FB2664 /* Build configuration list for PBXNativeTarget "WDPOPDemo" */;
			buildPhases = (
				4F4F3F35057BAAC5A0102747 /* Check Pods Manifest.lock */,
				76C329041C2BCF8F00FB2664 /* Sources */,
				76C329051C2BCF8F00FB2664 /* Frameworks */,
				76C329061C2BCF8F00FB2664 /* Resources */,
				5C770D267FC0CC77A08DEBE7 /* Embed Pods Frameworks */,
				E8503898ABC92AB541C65FBF /* Copy Pods Resources */,
			);
			buildRules = (
			);
			dependencies = (
			);
			name = WDPOPDemo;
			productName = WDPOPDemo;
			productReference = 76C329081C2BCF8F00FB2664 /* WDPOPDemo.app */;
			productType = "com.apple.product-type.application";
		};
/* End PBXNativeTarget section */

/* Begin PBXProject section */
		76C329001C2BCF8F00FB2664 /* Project object */ = {
			isa = PBXProject;
			attributes = {
				CLASSPREFIX = WD;
				LastUpgradeCheck = 0720;
				ORGANIZATIONNAME = wd;
				TargetAttributes = {
					76C329071C2BCF8F00FB2664 = {
						CreatedOnToolsVersion = 7.2;
					};
				};
			};
			buildConfigurationList = 76C329031C2BCF8F00FB2664 /* Build configuration list for PBXProject "WDPOPDemo" */;
			compatibilityVersion = "Xcode 3.2";
			developmentRegion = English;
			hasScannedForEncodings = 0;
			knownRegions = (
				en,
				Base,
			);
			mainGroup = 76C328FF1C2BCF8F00FB2664;
			productRefGroup = 76C329091C2BCF8F00FB2664 /* Products */;
			projectDirPath = "";
			projectRoot = "";
			targets = (
				76C329071C2BCF8F00FB2664 /* WDPOPDemo */,
			);
		};
/* End PBXProject section */

/* Begin PBXResourcesBuildPhase section */
		76C329061C2BCF8F00FB2664 /* Resources */ = {
			isa = PBXResourcesBuildPhase;
			buildActionMask = 2147483647;
			files = (
				76C3291B1C2BCF8F00FB2664 /* LaunchScreen.storyboard in Resources */,
				76C329181C2BCF8F00FB2664 /* Assets.xcassets in Resources */,
				76C329161C2BCF8F00FB2664 /* Main.storyboard in Resources */,
			);
			runOnlyForDeploymentPostprocessing = 0;
		};
/* End PBXResourcesBuildPhase section */

/* Begin PBXShellScriptBuildPhase section */
		4F4F3F35057BAAC5A0102747 /* Check Pods Manifest.lock */ = {
			isa = PBXShellScriptBuildPhase;
			buildActionMask = 2147483647;
			files = (
			);
			inputPaths = (
			);
			name = "Check Pods Manifest.lock";
			outputPaths = (
			);
			runOnlyForDeploymentPostprocessing = 0;
			shellPath = /bin/sh;
			shellScript = "diff \"${PODS_ROOT}/../Podfile.lock\" \"${PODS_ROOT}/Manifest.lock\" > /dev/null\nif [[ $? != 0 ]] ; then\n    cat << EOM\nerror: The sandbox is not in sync with the Podfile.lock. Run 'pod install' or update your CocoaPods installation.\nEOM\n    exit 1\nfi\n";
			showEnvVarsInLog = 0;
		};
		5C770D267FC0CC77A08DEBE7 /* Embed Pods Frameworks */ = {
			isa = PBXShellScriptBuildPhase;
			buildActionMask = 2147483647;
			files = (
			);
			inputPaths = (
			);
			name = "Embed Pods Frameworks";
			outputPaths = (
			);
			runOnlyForDeploymentPostprocessing = 0;
			shellPath = /bin/sh;
			shellScript = "\"${SRCROOT}/Pods/Target Support Files/Pods/Pods-frameworks.sh\"\n";
			showEnvVarsInLog = 0;
		};
		E8503898ABC92AB541C65FBF /* Copy Pods Resources */ = {
			isa = PBXShellScriptBuildPhase;
			buildActionMask = 2147483647;
			files = (
			);
			inputPaths = (
			);
			name = "Copy Pods Resources";
			outputPaths = (
			);
			runOnlyForDeploymentPostprocessing = 0;
			shellPath = /bin/sh;
			shellScript = "\"${SRCROOT}/Pods/Target Support Files/Pods/Pods-resources.sh\"\n";
			showEnvVarsInLog = 0;
		};
/* End PBXShellScriptBuildPhase section */

/* Begin PBXSourcesBuildPhase section */
		76C329041C2BCF8F00FB2664 /* Sources */ = {
			isa = PBXSourcesBuildPhase;
			buildActionMask = 2147483647;
			files = (
				7650E7EB1C2CF3EC00F3AEE1 /* WDBaseViewController.m in Sources */,
				76C329131C2BCF8F00FB2664 /* ViewController.m in Sources */,
				7650E7EE1C2D21FC00F3AEE1 /* WDDecayAnimationViewController.m in Sources */,
				76C329101C2BCF8F00FB2664 /* AppDelegate.m in Sources */,
				76C329261C2BDEB900FB2664 /* WDBasicAnimationViewController.m in Sources */,
				76C3290D1C2BCF8F00FB2664 /* main.m in Sources */,
			);
			runOnlyForDeploymentPostprocessing = 0;
		};
/* End PBXSourcesBuildPhase section */

/* Begin PBXVariantGroup section */
		76C329141C2BCF8F00FB2664 /* Main.storyboard */ = {
			isa = PBXVariantGroup;
			children = (
				76C329151C2BCF8F00FB2664 /* Base */,
			);
			name = Main.storyboard;
			sourceTree = "<group>";
		};
		76C329191C2BCF8F00FB2664 /* LaunchScreen.storyboard */ = {
			isa = PBXVariantGroup;
			children = (
				76C3291A1C2BCF8F00FB2664 /* Base */,
			);
			name = LaunchScreen.storyboard;
			sourceTree = "<group>";
		};
/* End PBXVariantGroup section */

/* Begin XCBuildConfiguration section */
		76C3291D1C2BCF8F00FB2664 /* Debug */ = {
			isa = XCBuildConfiguration;
			buildSettings = {
				ALWAYS_SEARCH_USER_PATHS = NO;
				CLANG_CXX_LANGUAGE_STANDARD = "gnu++0x";
				CLANG_CXX_LIBRARY = "libc++";
				CLANG_ENABLE_MODULES = YES;
				CLANG_ENABLE_OBJC_ARC = YES;
				CLANG_WARN_BOOL_CONVERSION = YES;
				CLANG_WARN_CONSTANT_CONVERSION = YES;
				CLANG_WARN_DIRECT_OBJC_ISA_USAGE = YES_ERROR;
				CLANG_WARN_EMPTY_BODY = YES;
				CLANG_WARN_ENUM_CONVERSION = YES;
				CLANG_WARN_INT_CONVERSION = YES;
				CLANG_WARN_OBJC_ROOT_CLASS = YES_ERROR;
				CLANG_WARN_UNREACHABLE_CODE = YES;
				CLANG_WARN__DUPLICATE_METHOD_MATCH = YES;
				"CODE_SIGN_IDENTITY[sdk=iphoneos*]" = "iPhone Developer";
				COPY_PHASE_STRIP = NO;
				DEBUG_INFORMATION_FORMAT = dwarf;
				ENABLE_STRICT_OBJC_MSGSEND = YES;
				ENABLE_TESTABILITY = YES;
				GCC_C_LANGUAGE_STANDARD = gnu99;
				GCC_DYNAMIC_NO_PIC = NO;
				GCC_NO_COMMON_BLOCKS = YES;
				GCC_OPTIMIZATION_LEVEL = 0;
				GCC_PREPROCESSOR_DEFINITIONS = (
					"DEBUG=1",
					"$(inherited)",
				);
				GCC_WARN_64_TO_32_BIT_CONVERSION = YES;
				GCC_WARN_ABOUT_RETURN_TYPE = YES_ERROR;
				GCC_WARN_UNDECLARED_SELECTOR = YES;
				GCC_WARN_UNINITIALIZED_AUTOS = YES_AGGRESSIVE;
				GCC_WARN_UNUSED_FUNCTION = YES;
				GCC_WARN_UNUSED_VARIABLE = YES;
				IPHONEOS_DEPLOYMENT_TARGET = 9.2;
				MTL_ENABLE_DEBUG_INFO = YES;
				ONLY_ACTIVE_ARCH = YES;
				SDKROOT = iphoneos;
			};
			name = Debug;
		};
		76C3291E1C2BCF8F00FB2664 /* Release */ = {
			isa = XCBuildConfiguration;
			buildSettings = {
				ALWAYS_SEARCH_USER_PATHS = NO;
				CLANG_CXX_LANGUAGE_STANDARD = "gnu++0x";
				CLANG_CXX_LIBRARY = "libc++";
				CLANG_ENABLE_MODULES = YES;
				CLANG_ENABLE_OBJC_ARC = YES;
				CLANG_WARN_BOOL_CONVERSION = YES;
				CLANG_WARN_CONSTANT_CONVERSION = YES;
				CLANG_WARN_DIRECT_OBJC_ISA_USAGE = YES_ERROR;
				CLANG_WARN_EMPTY_BODY = YES;
				CLANG_WARN_ENUM_CONVERSION = YES;
				CLANG_WARN_INT_CONVERSION = YES;
				CLANG_WARN_OBJC_ROOT_CLASS = YES_ERROR;
				CLANG_WARN_UNREACHABLE_CODE = YES;
				CLANG_WARN__DUPLICATE_METHOD_MATCH = YES;
				"CODE_SIGN_IDENTITY[sdk=iphoneos*]" = "iPhone Developer";
				COPY_PHASE_STRIP = NO;
				DEBUG_INFORMATION_FORMAT = "dwarf-with-dsym";
				ENABLE_NS_ASSERTIONS = NO;
				ENABLE_STRICT_OBJC_MSGSEND = YES;
				GCC_C_LANGUAGE_STANDARD = gnu99;
				GCC_NO_COMMON_BLOCKS = YES;
				GCC_WARN_64_TO_32_BIT_CONVERSION = YES;
				GCC_WARN_ABOUT_RETURN_TYPE = YES_ERROR;
				GCC_WARN_UNDECLARED_SELECTOR = YES;
				GCC_WARN_UNINITIALIZED_AUTOS = YES_AGGRESSIVE;
				GCC_WARN_UNUSED_FUNCTION = YES;
				GCC_WARN_UNUSED_VARIABLE = YES;
				IPHONEOS_DEPLOYMENT_TARGET = 9.2;
				MTL_ENABLE_DEBUG_INFO = NO;
				SDKROOT = iphoneos;
				VALIDATE_PRODUCT = YES;
			};
			name = Release;
		};
		76C329201C2BCF8F00FB2664 /* Debug */ = {
			isa = XCBuildConfiguration;
			baseConfigurationReference = CA479176D790ADE64A66B718 /* Pods.debug.xcconfig */;
			buildSettings = {
				ASSETCATALOG_COMPILER_APPICON_NAME = AppIcon;
				GCC_PREFIX_HEADER = "$(SRCROOT)/WDPOPDemo/PrefixHeader.pch";
				INFOPLIST_FILE = WDPOPDemo/Info.plist;
				LD_RUNPATH_SEARCH_PATHS = "$(inherited) @executable_path/Frameworks";
				PRODUCT_BUNDLE_IDENTIFIER = www.wangduan.com.WDPOPDemo;
				PRODUCT_NAME = "$(TARGET_NAME)";
			};
			name = Debug;
		};
		76C329211C2BCF8F00FB2664 /* Release */ = {
			isa = XCBuildConfiguration;
			baseConfigurationReference = 72202BF2238A287B99E8BF8A /* Pods.release.xcconfig */;
			buildSettings = {
				ASSETCATALOG_COMPILER_APPICON_NAME = AppIcon;
				GCC_PREFIX_HEADER = "$(SRCROOT)/WDPOPDemo/PrefixHeader.pch";
				INFOPLIST_FILE = WDPOPDemo/Info.plist;
				LD_RUNPATH_SEARCH_PATHS = "$(inherited) @executable_path/Frameworks";
				PRODUCT_BUNDLE_IDENTIFIER = www.wangduan.com.WDPOPDemo;
				PRODUCT_NAME = "$(TARGET_NAME)";
			};
			name = Release;
		};
/* End XCBuildConfiguration section */

/* Begin XCConfigurationList section */
		76C329031C2BCF8F00FB2664 /* Build configuration list for PBXProject "WDPOPDemo" */ = {
			isa = XCConfigurationList;
			buildConfigurations = (
				76C3291D1C2BCF8F00FB2664 /* Debug */,
				76C3291E1C2BCF8F00FB2664 /* Release */,
			);
			defaultConfigurationIsVisible = 0;
			defaultConfigurationName = Release;
		};
		76C3291F1C2BCF8F00FB2664 /* Build configuration list for PBXNativeTarget "WDPOPDemo" */ = {
			isa = XCConfigurationList;
			buildConfigurations = (
				76C329201C2BCF8F00FB2664 /* Debug */,
				76C329211C2BCF8F00FB2664 /* Release */,
			);
			defaultConfigurationIsVisible = 0;
			defaultConfigurationName = Release;
		};
/* End XCConfigurationList section */
	};
	rootObject = 76C329001C2BCF8F00FB2664 /* Project object */;
}
